// !$*UTF8*$!
{
	archiveVersion = 1;
	classes = {
	};
	objectVersion = 50;
	objects = {

/* Begin PBXBuildFile section */
		1B1F39FB21FFDBBF0075531F /* main.cpp in Sources */ = {isa = PBXBuildFile; fileRef = 1B1F39FA21FFDBBF0075531F /* main.cpp */; };
		1B1F3A0621FFEAD70075531F /* monte_carlo_integration.cpp in Sources */ = {isa = PBXBuildFile; fileRef = 1B1F3A0421FFEAD70075531F /* monte_carlo_integration.cpp */; };
		1B1F3A0821FFECFC0075531F /* european_vanila_option.cpp in Sources */ = {isa = PBXBuildFile; fileRef = 1B1F3A0721FFECFC0075531F /* european_vanila_option.cpp */; };
/* End PBXBuildFile section */

/* Begin PBXCopyFilesBuildPhase section */
		1B1F39F521FFDBBF0075531F /* CopyFiles */ = {
			isa = PBXCopyFilesBuildPhase;
			buildActionMask = 2147483647;
			dstPath = /usr/share/man/man1/;
			dstSubfolderSpec = 0;
			files = (
			);
			runOnlyForDeploymentPostprocessing = 1;
		};
/* End PBXCopyFilesBuildPhase section */

/* Begin PBXFileReference section */
		1B1F39F721FFDBBF0075531F /* Black-Scholes */ = {isa = PBXFileReference; explicitFileType = "compiled.mach-o.executable"; includeInIndex = 0; path = "Black-Scholes"; sourceTree = BUILT_PRODUCTS_DIR; };
		1B1F39FA21FFDBBF0075531F /* main.cpp */ = {isa = PBXFileReference; lastKnownFileType = sourcecode.cpp.cpp; path = main.cpp; sourceTree = "<group>"; };
		1B1F3A0321FFDEBE0075531F /* european_vanilla_option.h */ = {isa = PBXFileReference; lastKnownFileType = sourcecode.c.h; path = european_vanilla_option.h; sourceTree = "<group>"; };
		1B1F3A0421FFEAD70075531F /* monte_carlo_integration.cpp */ = {isa = PBXFileReference; lastKnownFileType = sourcecode.cpp.cpp; path = monte_carlo_integration.cpp; sourceTree = "<group>"; };
		1B1F3A0721FFECFC0075531F /* european_vanila_option.cpp */ = {isa = PBXFileReference; lastKnownFileType = sourcecode.cpp.cpp; path = european_vanila_option.cpp; sourceTree = "<group>"; };
/* End PBXFileReference section */

/* Begin PBXFrameworksBuildPhase section */
		1B1F39F421FFDBBF0075531F /* Frameworks */ = {
			isa = PBXFrameworksBuildPhase;
			buildActionMask = 2147483647;
			files = (
			);
			runOnlyForDeploymentPostprocessing = 0;
		};
/* End PBXFrameworksBuildPhase section */

/* Begin PBXGroup section */
		1B1F39EE21FFDBBE0075531F = {
			isa = PBXGroup;
			children = (
				1B1F39F921FFDBBF0075531F /* Black-Scholes */,
				1B1F39F821FFDBBF0075531F /* Products */,
			);
			sourceTree = "<group>";
		};
		1B1F39F821FFDBBF0075531F /* Products */ = {
			isa = PBXGroup;
			children = (
				1B1F39F721FFDBBF0075531F /* Black-Scholes */,
			);
			name = Products;
			sourceTree = "<group>";
		};
		1B1F39F921FFDBBF0075531F /* Black-Scholes */ = {
			isa = PBXGroup;
			children = (
				1B1F39FA21FFDBBF0075531F /* main.cpp */,
				1B1F3A0321FFDEBE0075531F /* european_vanilla_option.h */,
				1B1F3A0721FFECFC0075531F /* european_vanila_option.cpp */,
				1B1F3A0421FFEAD70075531F /* monte_carlo_integration.cpp */,
			);
			path = "Black-Scholes";
			sourceTree = "<group>";
		};
/* End PBXGroup section */

/* Begin PBXNativeTarget section */
		1B1F39F621FFDBBF0075531F /* Black-Scholes */ = {
			isa = PBXNativeTarget;
			buildConfigurationList = 1B1F39FE21FFDBBF0075531F /* Build configuration list for PBXNativeTarget "Black-Scholes" */;
			buildPhases = (
				1B1F39F321FFDBBF0075531F /* Sources */,
				1B1F39F421FFDBBF0075531F /* Frameworks */,
				1B1F39F521FFDBBF0075531F /* CopyFiles */,
			);
			buildRules = (
			);
			dependencies = (
			);
			name = "Black-Scholes";
			productName = "Black-Scholes";
			productReference = 1B1F39F721FFDBBF0075531F /* Black-Scholes */;
			productType = "com.apple.product-type.tool";
		};
/* End PBXNativeTarget section */

/* Begin PBXProject section */
		1B1F39EF21FFDBBE0075531F /* Project object */ = {
			isa = PBXProject;
			attributes = {
				LastUpgradeCheck = 1010;
				ORGANIZATIONNAME = "Robert Schwartz";
				TargetAttributes = {
					1B1F39F621FFDBBF0075531F = {
						CreatedOnToolsVersion = 10.1;
					};
				};
			};
			buildConfigurationList = 1B1F39F221FFDBBE0075531F /* Build configuration list for PBXProject "Black-Scholes" */;
			compatibilityVersion = "Xcode 9.3";
			developmentRegion = en;
			hasScannedForEncodings = 0;
			knownRegions = (
				en,
			);
			mainGroup = 1B1F39EE21FFDBBE0075531F;
			productRefGroup = 1B1F39F821FFDBBF0075531F /* Products */;
			projectDirPath = "";
			projectRoot = "";
			targets = (
				1B1F39F621FFDBBF0075531F /* Black-Scholes */,
			);
		};
/* End PBXProject section */

/* Begin PBXSourcesBuildPhase section */
		1B1F39F321FFDBBF0075531F /* Sources */ = {
			isa = PBXSourcesBuildPhase;
			buildActionMask = 2147483647;
			files = (
				1B1F3A0621FFEAD70075531F /* monte_carlo_integration.cpp in Sources */,
				1B1F39FB21FFDBBF0075531F /* main.cpp in Sources */,
				1B1F3A0821FFECFC0075531F /* european_vanila_option.cpp in Sources */,
			);
			runOnlyForDeploymentPostprocessing = 0;
		};
/* End PBXSourcesBuildPhase section */

/* Begin XCBuildConfiguration section */
		1B1F39FC21FFDBBF0075531F /* Debug */ = {
			isa = XCBuildConfiguration;
			buildSettings = {
				ALWAYS_SEARCH_USER_PATHS = NO;
				CLANG_ANALYZER_NONNULL = YES;
				CLANG_ANALYZER_NUMBER_OBJECT_CONVERSION = YES_AGGRESSIVE;
				CLANG_CXX_LANGUAGE_STANDARD = "gnu++14";
				CLANG_CXX_LIBRARY = "libc++";
				CLANG_ENABLE_MODULES = YES;
				CLANG_ENABLE_OBJC_ARC = YES;
				CLANG_ENABLE_OBJC_WEAK = YES;
				CLANG_WARN_BLOCK_CAPTURE_AUTORELEASING = YES;
				CLANG_WARN_BOOL_CONVERSION = YES;
				CLANG_WARN_COMMA = YES;
				CLANG_WARN_CONSTANT_CONVERSION = YES;
				CLANG_WARN_DEPRECATED_OBJC_IMPLEMENTATIONS = YES;
				CLANG_WARN_DIRECT_OBJC_ISA_USAGE = YES_ERROR;
				CLANG_WARN_DOCUMENTATION_COMMENTS = YES;
				CLANG_WARN_EMPTY_BODY = YES;
				CLANG_WARN_ENUM_CONVERSION = YES;
				CLANG_WARN_INFINITE_RECURSION = YES;
				CLANG_WARN_INT_CONVERSION = YES;
				CLANG_WARN_NON_LITERAL_NULL_CONVERSION = YES;
				CLANG_WARN_OBJC_IMPLICIT_RETAIN_SELF = YES;
				CLANG_WARN_OBJC_LITERAL_CONVERSION = YES;
				CLANG_WARN_OBJC_ROOT_CLASS = YES_ERROR;
				CLANG_WARN_RANGE_LOOP_ANALYSIS = YES;
				CLANG_WARN_STRICT_PROTOTYPES = YES;
				CLANG_WARN_SUSPICIOUS_MOVE = YES;
				CLANG_WARN_UNGUARDED_AVAILABILITY = YES_AGGRESSIVE;
				CLANG_WARN_UNREACHABLE_CODE = YES;
				CLANG_WARN__DUPLICATE_METHOD_MATCH = YES;
				CODE_SIGN_IDENTITY = "-";
				COPY_PHASE_STRIP = NO;
				DEBUG_INFORMATION_FORMAT = dwarf;
				ENABLE_STRICT_OBJC_MSGSEND = YES;
				ENABLE_TESTABILITY = YES;
				GCC_C_LANGUAGE_STANDARD = gnu11;
				GCC_DYNAMIC_NO_PIC = NO;
				GCC_NO_COMMON_BLOCKS = YES;
				GCC_OPTIMIZATION_LEVEL = 0;
				GCC_PREPROCESSOR_DEFINITIONS = (
					"DEBUG=1",
					"$(inherited)",
				);
				GCC_WARN_64_TO_32_BIT_CONVERSION = YES;
				GCC_WARN_ABOUT_RETURN_TYPE = YES_ERROR;
				GCC_WARN_UNDECLARED_SELECTOR = YES;
				GCC_WARN_UNINITIALIZED_AUTOS = YES_AGGRESSIVE;
				GCC_WARN_UNUSED_FUNCTION = YES;
				GCC_WARN_UNUSED_VARIABLE = YES;
				MACOSX_DEPLOYMENT_TARGET = 10.14;
				MTL_ENABLE_DEBUG_INFO = INCLUDE_SOURCE;
				MTL_FAST_MATH = YES;
				ONLY_ACTIVE_ARCH = YES;
				SDKROOT = macosx;
			};
			name = Debug;
		};
		1B1F39FD21FFDBBF0075531F /* Release */ = {
			isa = XCBuildConfiguration;
			buildSettings = {
				ALWAYS_SEARCH_USER_PATHS = NO;
				CLANG_ANALYZER_NONNULL = YES;
				CLANG_ANALYZER_NUMBER_OBJECT_CONVERSION = YES_AGGRESSIVE;
				CLANG_CXX_LANGUAGE_STANDARD = "gnu++14";
				CLANG_CXX_LIBRARY = "libc++";
				CLANG_ENABLE_MODULES = YES;
				CLANG_ENABLE_OBJC_ARC = YES;
				CLANG_ENABLE_OBJC_WEAK = YES;
				CLANG_WARN_BLOCK_CAPTURE_AUTORELEASING = YES;
				CLANG_WARN_BOOL_CONVERSION = YES;
				CLANG_WARN_COMMA = YES;
				CLANG_WARN_CONSTANT_CONVERSION = YES;
				CLANG_WARN_DEPRECATED_OBJC_IMPLEMENTATIONS = YES;
				CLANG_WARN_DIRECT_OBJC_ISA_USAGE = YES_ERROR;
				CLANG_WARN_DOCUMENTATION_COMMENTS = YES;
				CLANG_WARN_EMPTY_BODY = YES;
				CLANG_WARN_ENUM_CONVERSION = YES;
				CLANG_WARN_INFINITE_RECURSION = YES;
				CLANG_WARN_INT_CONVERSION = YES;
				CLANG_WARN_NON_LITERAL_NULL_CONVERSION = YES;
				CLANG_WARN_OBJC_IMPLICIT_RETAIN_SELF = YES;
				CLANG_WARN_OBJC_LITERAL_CONVERSION = YES;
				CLANG_WARN_OBJC_ROOT_CLASS = YES_ERROR;
				CLANG_WARN_RANGE_LOOP_ANALYSIS = YES;
				CLANG_WARN_STRICT_PROTOTYPES = YES;
				CLANG_WARN_SUSPICIOUS_MOVE = YES;
				CLANG_WARN_UNGUARDED_AVAILABILITY = YES_AGGRESSIVE;
				CLANG_WARN_UNREACHABLE_CODE = YES;
				CLANG_WARN__DUPLICATE_METHOD_MATCH = YES;
				CODE_SIGN_IDENTITY = "-";
				COPY_PHASE_STRIP = NO;
				DEBUG_INFORMATION_FORMAT = "dwarf-with-dsym";
				ENABLE_NS_ASSERTIONS = NO;
				ENABLE_STRICT_OBJC_MSGSEND = YES;
				GCC_C_LANGUAGE_STANDARD = gnu11;
				GCC_NO_COMMON_BLOCKS = YES;
				GCC_WARN_64_TO_32_BIT_CONVERSION = YES;
				GCC_WARN_ABOUT_RETURN_TYPE = YES_ERROR;
				GCC_WARN_UNDECLARED_SELECTOR = YES;
				GCC_WARN_UNINITIALIZED_AUTOS = YES_AGGRESSIVE;
				GCC_WARN_UNUSED_FUNCTION = YES;
				GCC_WARN_UNUSED_VARIABLE = YES;
				MACOSX_DEPLOYMENT_TARGET = 10.14;
				MTL_ENABLE_DEBUG_INFO = NO;
				MTL_FAST_MATH = YES;
				SDKROOT = macosx;
			};
			name = Release;
		};
		1B1F39FF21FFDBBF0075531F /* Debug */ = {
			isa = XCBuildConfiguration;
			buildSettings = {
				CODE_SIGN_STYLE = Automatic;
				PRODUCT_NAME = "$(TARGET_NAME)";
			};
			name = Debug;
		};
		1B1F3A0021FFDBBF0075531F /* Release */ = {
			isa = XCBuildConfiguration;
			buildSettings = {
				CODE_SIGN_STYLE = Automatic;
				PRODUCT_NAME = "$(TARGET_NAME)";
			};
			name = Release;
		};
/* End XCBuildConfiguration section */

/* Begin XCConfigurationList section */
		1B1F39F221FFDBBE0075531F /* Build configuration list for PBXProject "Black-Scholes" */ = {
			isa = XCConfigurationList;
			buildConfigurations = (
				1B1F39FC21FFDBBF0075531F /* Debug */,
				1B1F39FD21FFDBBF0075531F /* Release */,
			);
			defaultConfigurationIsVisible = 0;
			defaultConfigurationName = Release;
		};
		1B1F39FE21FFDBBF0075531F /* Build configuration list for PBXNativeTarget "Black-Scholes" */ = {
			isa = XCConfigurationList;
			buildConfigurations = (
				1B1F39FF21FFDBBF0075531F /* Debug */,
				1B1F3A0021FFDBBF0075531F /* Release */,
			);
			defaultConfigurationIsVisible = 0;
			defaultConfigurationName = Release;
		};
/* End XCConfigurationList section */
	};
	rootObject = 1B1F39EF21FFDBBE0075531F /* Project object */;
}
